// !$*UTF8*$!
{
	archiveVersion = 1;
	classes = {
	};
	objectVersion = 55;
	objects = {

/* Begin PBXBuildFile section */
		9C0059AF26A2A9ED000D8879 /* MusicWitHapticsApp.swift in Sources */ = {isa = PBXBuildFile; fileRef = 9C0059AE26A2A9ED000D8879 /* MusicWitHapticsApp.swift */; };
		9C0059B126A2A9ED000D8879 /* ContentView.swift in Sources */ = {isa = PBXBuildFile; fileRef = 9C0059B026A2A9ED000D8879 /* ContentView.swift */; };
		9C0059B326A2A9EF000D8879 /* Assets.xcassets in Resources */ = {isa = PBXBuildFile; fileRef = 9C0059B226A2A9EF000D8879 /* Assets.xcassets */; };
		9C0059B626A2A9EF000D8879 /* Preview Assets.xcassets in Resources */ = {isa = PBXBuildFile; fileRef = 9C0059B526A2A9EF000D8879 /* Preview Assets.xcassets */; };
		9C41DFD226A2AD1600CB2110 /* imb.ahap in Resources */ = {isa = PBXBuildFile; fileRef = 9C41DFD126A2AD1600CB2110 /* imb.ahap */; };
		9C41DFD426A2AD2700CB2110 /* In My Blood.mp3 in Resources */ = {isa = PBXBuildFile; fileRef = 9C41DFD326A2AD2700CB2110 /* In My Blood.mp3 */; };
/* End PBXBuildFile section */

/* Begin PBXFileReference section */
		9C0059AB26A2A9ED000D8879 /* MusicWitHaptics.app */ = {isa = PBXFileReference; explicitFileType = wrapper.application; includeInIndex = 0; path = MusicWitHaptics.app; sourceTree = BUILT_PRODUCTS_DIR; };
		9C0059AE26A2A9ED000D8879 /* MusicWitHapticsApp.swift */ = {isa = PBXFileReference; lastKnownFileType = sourcecode.swift; path = MusicWitHapticsApp.swift; sourceTree = "<group>"; };
		9C0059B026A2A9ED000D8879 /* ContentView.swift */ = {isa = PBXFileReference; lastKnownFileType = sourcecode.swift; path = ContentView.swift; sourceTree = "<group>"; };
		9C0059B226A2A9EF000D8879 /* Assets.xcassets */ = {isa = PBXFileReference; lastKnownFileType = folder.assetcatalog; path = Assets.xcassets; sourceTree = "<group>"; };
		9C0059B526A2A9EF000D8879 /* Preview Assets.xcassets */ = {isa = PBXFileReference; lastKnownFileType = folder.assetcatalog; path = "Preview Assets.xcassets"; sourceTree = "<group>"; };
		9C41DFD126A2AD1600CB2110 /* imb.ahap */ = {isa = PBXFileReference; fileEncoding = 4; lastKnownFileType = text; path = imb.ahap; sourceTree = "<group>"; };
		9C41DFD326A2AD2700CB2110 /* In My Blood.mp3 */ = {isa = PBXFileReference; lastKnownFileType = audio.mp3; path = "In My Blood.mp3"; sourceTree = "<group>"; };
		9C41DFD526A2ADDD00CB2110 /* Info.plist */ = {isa = PBXFileReference; lastKnownFileType = text.plist; path = Info.plist; sourceTree = "<group>"; };
/* End PBXFileReference section */

/* Begin PBXFrameworksBuildPhase section */
		9C0059A826A2A9ED000D8879 /* Frameworks */ = {
			isa = PBXFrameworksBuildPhase;
			buildActionMask = 2147483647;
			files = (
			);
			runOnlyForDeploymentPostprocessing = 0;
		};
/* End PBXFrameworksBuildPhase section */

/* Begin PBXGroup section */
		9C0059A226A2A9ED000D8879 = {
			isa = PBXGroup;
			children = (
				9C0059AD26A2A9ED000D8879 /* MusicWitHaptics */,
				9C0059AC26A2A9ED000D8879 /* Products */,
			);
			sourceTree = "<group>";
		};
		9C0059AC26A2A9ED000D8879 /* Products */ = {
			isa = PBXGroup;
			children = (
				9C0059AB26A2A9ED000D8879 /* MusicWitHaptics.app */,
			);
			name = Products;
			sourceTree = "<group>";
		};
		9C0059AD26A2A9ED000D8879 /* MusicWitHaptics */ = {
			isa = PBXGroup;
			children = (
				9C41DFD526A2ADDD00CB2110 /* Info.plist */,
				9C0059AE26A2A9ED000D8879 /* MusicWitHapticsApp.swift */,
				9C41DFD326A2AD2700CB2110 /* In My Blood.mp3 */,
				9C41DFD126A2AD1600CB2110 /* imb.ahap */,
				9C0059B026A2A9ED000D8879 /* ContentView.swift */,
				9C0059B226A2A9EF000D8879 /* Assets.xcassets */,
				9C0059B426A2A9EF000D8879 /* Preview Content */,
			);
			path = MusicWitHaptics;
			sourceTree = "<group>";
		};
		9C0059B426A2A9EF000D8879 /* Preview Content */ = {
			isa = PBXGroup;
			children = (
				9C0059B526A2A9EF000D8879 /* Preview Assets.xcassets */,
			);
			path = "Preview Content";
			sourceTree = "<group>";
		};
/* End PBXGroup section */

/* Begin PBXNativeTarget section */
		9C0059AA26A2A9ED000D8879 /* MusicWitHaptics */ = {
			isa = PBXNativeTarget;
			buildConfigurationList = 9C0059B926A2A9EF000D8879 /* Build configuration list for PBXNativeTarget "MusicWitHaptics" */;
			buildPhases = (
				9C0059A726A2A9ED000D8879 /* Sources */,
				9C0059A826A2A9ED000D8879 /* Frameworks */,
				9C0059A926A2A9ED000D8879 /* Resources */,
			);
			buildRules = (
			);
			dependencies = (
			);
			name = MusicWitHaptics;
			productName = MusicWitHaptics;
			productReference = 9C0059AB26A2A9ED000D8879 /* MusicWitHaptics.app */;
			productType = "com.apple.product-type.application";
		};
/* End PBXNativeTarget section */

/* Begin PBXProject section */
		9C0059A326A2A9ED000D8879 /* Project object */ = {
			isa = PBXProject;
			attributes = {
				BuildIndependentTargetsInParallel = 1;
				LastSwiftUpdateCheck = 1300;
				LastUpgradeCheck = 1300;
				TargetAttributes = {
					9C0059AA26A2A9ED000D8879 = {
						CreatedOnToolsVersion = 13.0;
					};
				};
			};
			buildConfigurationList = 9C0059A626A2A9ED000D8879 /* Build configuration list for PBXProject "MusicWitHaptics" */;
			compatibilityVersion = "Xcode 13.0";
			developmentRegion = en;
			hasScannedForEncodings = 0;
			knownRegions = (
				en,
				Base,
			);
			mainGroup = 9C0059A226A2A9ED000D8879;
			productRefGroup = 9C0059AC26A2A9ED000D8879 /* Products */;
			projectDirPath = "";
			projectRoot = "";
			targets = (
				9C0059AA26A2A9ED000D8879 /* MusicWitHaptics */,
			);
		};
/* End PBXProject section */

/* Begin PBXResourcesBuildPhase section */
		9C0059A926A2A9ED000D8879 /* Resources */ = {
			isa = PBXResourcesBuildPhase;
			buildActionMask = 2147483647;
			files = (
				9C41DFD226A2AD1600CB2110 /* imb.ahap in Resources */,
				9C0059B626A2A9EF000D8879 /* Preview Assets.xcassets in Resources */,
				9C41DFD426A2AD2700CB2110 /* In My Blood.mp3 in Resources */,
				9C0059B326A2A9EF000D8879 /* Assets.xcassets in Resources */,
			);
			runOnlyForDeploymentPostprocessing = 0;
		};
/* End PBXResourcesBuildPhase section */

/* Begin PBXSourcesBuildPhase section */
		9C0059A726A2A9ED000D8879 /* Sources */ = {
			isa = PBXSourcesBuildPhase;
			buildActionMask = 2147483647;
			files = (
				9C0059B126A2A9ED000D8879 /* ContentView.swift in Sources */,
				9C0059AF26A2A9ED000D8879 /* MusicWitHapticsApp.swift in Sources */,
			);
			runOnlyForDeploymentPostprocessing = 0;
		};
/* End PBXSourcesBuildPhase section */

/* Begin XCBuildConfiguration section */
		9C0059B726A2A9EF000D8879 /* Debug */ = {
			isa = XCBuildConfiguration;
			buildSettings = {
				ALWAYS_SEARCH_USER_PATHS = NO;
				CLANG_ANALYZER_NONNULL = YES;
				CLANG_ANALYZER_NUMBER_OBJECT_CONVERSION = YES_AGGRESSIVE;
				CLANG_CXX_LANGUAGE_STANDARD = "gnu++14";
				CLANG_CXX_LIBRARY = "libc++";
				CLANG_ENABLE_MODULES = YES;
				CLANG_ENABLE_OBJC_ARC = YES;
				CLANG_ENABLE_OBJC_WEAK = YES;
				CLANG_WARN_BLOCK_CAPTURE_AUTORELEASING = YES;
				CLANG_WARN_BOOL_CONVERSION = YES;
				CLANG_WARN_COMMA = YES;
				CLANG_WARN_CONSTANT_CONVERSION = YES;
				CLANG_WARN_DEPRECATED_OBJC_IMPLEMENTATIONS = YES;
				CLANG_WARN_DIRECT_OBJC_ISA_USAGE = YES_ERROR;
				CLANG_WARN_DOCUMENTATION_COMMENTS = YES;
				CLANG_WARN_EMPTY_BODY = YES;
				CLANG_WARN_ENUM_CONVERSION = YES;
				CLANG_WARN_INFINITE_RECURSION = YES;
				CLANG_WARN_INT_CONVERSION = YES;
				CLANG_WARN_NON_LITERAL_NULL_CONVERSION = YES;
				CLANG_WARN_OBJC_IMPLICIT_RETAIN_SELF = YES;
				CLANG_WARN_OBJC_LITERAL_CONVERSION = YES;
				CLANG_WARN_OBJC_ROOT_CLASS = YES_ERROR;
				CLANG_WARN_QUOTED_INCLUDE_IN_FRAMEWORK_HEADER = YES;
				CLANG_WARN_RANGE_LOOP_ANALYSIS = YES;
				CLANG_WARN_STRICT_PROTOTYPES = YES;
				CLANG_WARN_SUSPICIOUS_MOVE = YES;
				CLANG_WARN_UNGUARDED_AVAILABILITY = YES_AGGRESSIVE;
				CLANG_WARN_UNREACHABLE_CODE = YES;
				CLANG_WARN__DUPLICATE_METHOD_MATCH = YES;
				COPY_PHASE_STRIP = NO;
				DEBUG_INFORMATION_FORMAT = dwarf;
				ENABLE_STRICT_OBJC_MSGSEND = YES;
				ENABLE_TESTABILITY = YES;
				GCC_C_LANGUAGE_STANDARD = gnu11;
				GCC_DYNAMIC_NO_PIC = NO;
				GCC_NO_COMMON_BLOCKS = YES;
				GCC_OPTIMIZATION_LEVEL = 0;
				GCC_PREPROCESSOR_DEFINITIONS = (
					"DEBUG=1",
					"$(inherited)",
				);
				GCC_WARN_64_TO_32_BIT_CONVERSION = YES;
				GCC_WARN_ABOUT_RETURN_TYPE = YES_ERROR;
				GCC_WARN_UNDECLARED_SELECTOR = YES;
				GCC_WARN_UNINITIALIZED_AUTOS = YES_AGGRESSIVE;
				GCC_WARN_UNUSED_FUNCTION = YES;
				GCC_WARN_UNUSED_VARIABLE = YES;
				IPHONEOS_DEPLOYMENT_TARGET = 15.0;
				MTL_ENABLE_DEBUG_INFO = INCLUDE_SOURCE;
				MTL_FAST_MATH = YES;
				ONLY_ACTIVE_ARCH = YES;
				SDKROOT = iphoneos;
				SWIFT_ACTIVE_COMPILATION_CONDITIONS = DEBUG;
				SWIFT_OPTIMIZATION_LEVEL = "-Onone";
			};
			name = Debug;
		};
		9C0059B826A2A9EF000D8879 /* Release */ = {
			isa = XCBuildConfiguration;
			buildSettings = {
				ALWAYS_SEARCH_USER_PATHS = NO;
				CLANG_ANALYZER_NONNULL = YES;
				CLANG_ANALYZER_NUMBER_OBJECT_CONVERSION = YES_AGGRESSIVE;
				CLANG_CXX_LANGUAGE_STANDARD = "gnu++14";
				CLANG_CXX_LIBRARY = "libc++";
				CLANG_ENABLE_MODULES = YES;
				CLANG_ENABLE_OBJC_ARC = YES;
				CLANG_ENABLE_OBJC_WEAK = YES;
				CLANG_WARN_BLOCK_CAPTURE_AUTORELEASING = YES;
				CLANG_WARN_BOOL_CONVERSION = YES;
				CLANG_WARN_COMMA = YES;
				CLANG_WARN_CONSTANT_CONVERSION = YES;
				CLANG_WARN_DEPRECATED_OBJC_IMPLEMENTATIONS = YES;
				CLANG_WARN_DIRECT_OBJC_ISA_USAGE = YES_ERROR;
				CLANG_WARN_DOCUMENTATION_COMMENTS = YES;
				CLANG_WARN_EMPTY_BODY = YES;
				CLANG_WARN_ENUM_CONVERSION = YES;
				CLANG_WARN_INFINITE_RECURSION = YES;
				CLANG_WARN_INT_CONVERSION = YES;
				CLANG_WARN_NON_LITERAL_NULL_CONVERSION = YES;
				CLANG_WARN_OBJC_IMPLICIT_RETAIN_SELF = YES;
				CLANG_WARN_OBJC_LITERAL_CONVERSION = YES;
				CLANG_WARN_OBJC_ROOT_CLASS = YES_ERROR;
				CLANG_WARN_QUOTED_INCLUDE_IN_FRAMEWORK_HEADER = YES;
				CLANG_WARN_RANGE_LOOP_ANALYSIS = YES;
				CLANG_WARN_STRICT_PROTOTYPES = YES;
				CLANG_WARN_SUSPICIOUS_MOVE = YES;
				CLANG_WARN_UNGUARDED_AVAILABILITY = YES_AGGRESSIVE;
				CLANG_WARN_UNREACHABLE_CODE = YES;
				CLANG_WARN__DUPLICATE_METHOD_MATCH = YES;
				COPY_PHASE_STRIP = NO;
				DEBUG_INFORMATION_FORMAT = "dwarf-with-dsym";
				ENABLE_NS_ASSERTIONS = NO;
				ENABLE_STRICT_OBJC_MSGSEND = YES;
				GCC_C_LANGUAGE_STANDARD = gnu11;
				GCC_NO_COMMON_BLOCKS = YES;
				GCC_WARN_64_TO_32_BIT_CONVERSION = YES;
				GCC_WARN_ABOUT_RETURN_TYPE = YES_ERROR;
				GCC_WARN_UNDECLARED_SELECTOR = YES;
				GCC_WARN_UNINITIALIZED_AUTOS = YES_AGGRESSIVE;
				GCC_WARN_UNUSED_FUNCTION = YES;
				GCC_WARN_UNUSED_VARIABLE = YES;
				IPHONEOS_DEPLOYMENT_TARGET = 15.0;
				MTL_ENABLE_DEBUG_INFO = NO;
				MTL_FAST_MATH = YES;
				SDKROOT = iphoneos;
				SWIFT_COMPILATION_MODE = wholemodule;
				SWIFT_OPTIMIZATION_LEVEL = "-O";
				VALIDATE_PRODUCT = YES;
			};
			name = Release;
		};
		9C0059BA26A2A9EF000D8879 /* Debug */ = {
			isa = XCBuildConfiguration;
			buildSettings = {
				ASSETCATALOG_COMPILER_APPICON_NAME = AppIcon;
				ASSETCATALOG_COMPILER_GLOBAL_ACCENT_COLOR_NAME = AccentColor;
				CODE_SIGN_STYLE = Automatic;
				CURRENT_PROJECT_VERSION = 1;
				DEVELOPMENT_ASSET_PATHS = "\"MusicWitHaptics/Preview Content\"";
				DEVELOPMENT_TEAM = CUA3BVMUR5;
				ENABLE_PREVIEWS = YES;
				GENERATE_INFOPLIST_FILE = YES;
				INFOPLIST_FILE = MusicWitHaptics/Info.plist;
				INFOPLIST_KEY_CFBundleExecutable = MusicWitHaptics;
				INFOPLIST_KEY_CFBundleName = MusicWitHaptics;
				INFOPLIST_KEY_CFBundleVersion = 1;
				INFOPLIST_KEY_UIApplicationSceneManifest_Generation = YES;
				INFOPLIST_KEY_UIApplicationSupportsIndirectInputEvents = YES;
				INFOPLIST_KEY_UILaunchScreen_Generation = YES;
				INFOPLIST_KEY_UISupportedInterfaceOrientations_iPad = "UIInterfaceOrientationPortrait UIInterfaceOrientationPortraitUpsideDown UIInterfaceOrientationLandscapeLeft UIInterfaceOrientationLandscapeRight";
				INFOPLIST_KEY_UISupportedInterfaceOrientations_iPhone = "UIInterfaceOrientationPortrait UIInterfaceOrientationLandscapeLeft UIInterfaceOrientationLandscapeRight";
				IPHONEOS_DEPLOYMENT_TARGET = 14.0;
				LD_RUNPATH_SEARCH_PATHS = (
					"$(inherited)",
					"@executable_path/Frameworks",
				);
				MARKETING_VERSION = 1.0;
				PRODUCT_BUNDLE_IDENTIFIER = com.ryandu.musicwithaptics1;
				PRODUCT_NAME = "$(TARGET_NAME)";
				SWIFT_EMIT_LOC_STRINGS = YES;
				SWIFT_VERSION = 5.0;
				TARGETED_DEVICE_FAMILY = "1,2";
			};
			name = Debug;
		};
		9C0059BB26A2A9EF000D8879 /* Release */ = {
			isa = XCBuildConfiguration;
			buildSettings = {
				ASSETCATALOG_COMPILER_APPICON_NAME = AppIcon;
				ASSETCATALOG_COMPILER_GLOBAL_ACCENT_COLOR_NAME = AccentColor;
				CODE_SIGN_STYLE = Automatic;
				CURRENT_PROJECT_VERSION = 1;
				DEVELOPMENT_ASSET_PATHS = "\"MusicWitHaptics/Preview Content\"";
				DEVELOPMENT_TEAM = CUA3BVMUR5;
				ENABLE_PREVIEWS = YES;
				GENERATE_INFOPLIST_FILE = YES;
				INFOPLIST_FILE = MusicWitHaptics/Info.plist;
				INFOPLIST_KEY_CFBundleExecutable = MusicWitHaptics;
				INFOPLIST_KEY_CFBundleName = MusicWitHaptics;
				INFOPLIST_KEY_CFBundleVersion = 1;
				INFOPLIST_KEY_UIApplicationSceneManifest_Generation = YES;
				INFOPLIST_KEY_UIApplicationSupportsIndirectInputEvents = YES;
				INFOPLIST_KEY_UILaunchScreen_Generation = YES;
				INFOPLIST_KEY_UISupportedInterfaceOrientations_iPad = "UIInterfaceOrientationPortrait UIInterfaceOrientationPortraitUpsideDown UIInterfaceOrientationLandscapeLeft UIInterfaceOrientationLandscapeRight";
				INFOPLIST_KEY_UISupportedInterfaceOrientations_iPhone = "UIInterfaceOrientationPortrait UIInterfaceOrientationLandscapeLeft UIInterfaceOrientationLandscapeRight";
				IPHONEOS_DEPLOYMENT_TARGET = 14.0;
				LD_RUNPATH_SEARCH_PATHS = (
					"$(inherited)",
					"@executable_path/Frameworks",
				);
				MARKETING_VERSION = 1.0;
				PRODUCT_BUNDLE_IDENTIFIER = com.ryandu.musicwithaptics1;
				PRODUCT_NAME = "$(TARGET_NAME)";
				SWIFT_EMIT_LOC_STRINGS = YES;
				SWIFT_VERSION = 5.0;
				TARGETED_DEVICE_FAMILY = "1,2";
			};
			name = Release;
		};
/* End XCBuildConfiguration section */

/* Begin XCConfigurationList section */
		9C0059A626A2A9ED000D8879 /* Build configuration list for PBXProject "MusicWitHaptics" */ = {
			isa = XCConfigurationList;
			buildConfigurations = (
				9C0059B726A2A9EF000D8879 /* Debug */,
				9C0059B826A2A9EF000D8879 /* Release */,
			);
			defaultConfigurationIsVisible = 0;
			defaultConfigurationName = Release;
		};
		9C0059B926A2A9EF000D8879 /* Build configuration list for PBXNativeTarget "MusicWitHaptics" */ = {
			isa = XCConfigurationList;
			buildConfigurations = (
				9C0059BA26A2A9EF000D8879 /* Debug */,
				9C0059BB26A2A9EF000D8879 /* Release */,
			);
			defaultConfigurationIsVisible = 0;
			defaultConfigurationName = Release;
		};
/* End XCConfigurationList section */
	};
	rootObject = 9C0059A326A2A9ED000D8879 /* Project object */;
}
